
Microsoft Visual Studio Solution File, Format Version 12.00
# Visual Studio 15
VisualStudioVersion = 15.0.26730.12
MinimumVisualStudioVersion = 10.0.40219.1
Project("{8BC9CEB8-8B4A-11D0-8D11-00A0C91BC942}") = "rayTracing", "rayTracing\rayTracing.vcxproj", "{AA30A4BE-E3BD-4FC5-BB4F-1A787848E354}"
EndProject
Global
	GlobalSection(SolutionConfigurationPlatforms) = preSolution
		Debug|x64 = Debug|x64
		Debug|x86 = Debug|x86
		Release|x64 = Release|x64
		Release|x86 = Release|x86
	EndGlobalSection
	GlobalSection(ProjectConfigurationPlatforms) = postSolution
		{AA30A4BE-E3BD-4FC5-BB4F-1A787848E354}.Debug|x64.ActiveCfg = Debug|x64
		{AA30A4BE-E3BD-4FC5-BB4F-1A787848E354}.Debug|x64.Build.0 = Debug|x64
		{AA30A4BE-E3BD-4FC5-BB4F-1A787848E354}.Debug|x86.ActiveCfg = Debug|Win32
		{AA30A4BE-E3BD-4FC5-BB4F-1A787848E354}.Debug|x86.Build.0 = Debug|Win32
		{AA30A4BE-E3BD-4FC5-BB4F-1A787848E354}.Release|x64.ActiveCfg = Release|x64
		{AA30A4BE-E3BD-4FC5-BB4F-1A787848E354}.Release|x64.Build.0 = Release|x64
		{AA30A4BE-E3BD-4FC5-BB4F-1A787848E354}.Release|x86.ActiveCfg = Release|Win32
		{AA30A4BE-E3BD-4FC5-BB4F-1A787848E354}.Release|x86.Build.0 = Release|Win32
	EndGlobalSection
	GlobalSection(SolutionProperties) = preSolution
		HideSolutionNode = FALSE
	EndGlobalSection
	GlobalSection(ExtensibilityGlobals) = postSolution
		SolutionGuid = {9432BE98-E724-4418-8D0C-F299F7D6096C}
	EndGlobalSection
EndGlobal
